Microsoft Visual Studio Solution File, Format Version 12.00
# Visual Studio Version 17
VisualStudioVersion = 17.5.2.0
MinimumVisualStudioVersion = 10.0.40219.1
Project("{FAE04EC0-301F-11D3-BF4B-00C04F79EFBC}") = "WeatherMvcApp", "WeatherMvcApp.csproj", "{FBCE3EFA-9106-18CF-F769-DF03A1DD2471}"
EndProject
Global
	GlobalSection(SolutionConfigurationPlatforms) = preSolution
		Debug|Any CPU = Debug|Any CPU
		Release|Any CPU = Release|Any CPU
	EndGlobalSection
	GlobalSection(ProjectConfigurationPlatforms) = postSolution
		{FBCE3EFA-9106-18CF-F769-DF03A1DD2471}.Debug|Any CPU.ActiveCfg = Debug|Any CPU
		{FBCE3EFA-9106-18CF-F769-DF03A1DD2471}.Debug|Any CPU.Build.0 = Debug|Any CPU
		{FBCE3EFA-9106-18CF-F769-DF03A1DD2471}.Release|Any CPU.ActiveCfg = Release|Any CPU
		{FBCE3EFA-9106-18CF-F769-DF03A1DD2471}.Release|Any CPU.Build.0 = Release|Any CPU
	EndGlobalSection
	GlobalSection(SolutionProperties) = preSolution
		HideSolutionNode = FALSE
	EndGlobalSection
	GlobalSection(ExtensibilityGlobals) = postSolution
		SolutionGuid = {146DE683-E307-4A72-B238-FA9F1362FDAD}
	EndGlobalSection
EndGlobal
