Microsoft Visual Studio Solution File, Format Version 12.00
# Visual Studio Version 17
VisualStudioVersion = 17.5.2.0
MinimumVisualStudioVersion = 10.0.40219.1
Project("{2150E333-8FDC-42A3-9474-1A3956D46DE8}") = "src", "src", "{827E0CD3-B72D-47B6-A68D-7590B98EB39B}"
EndProject
Project("{FAE04EC0-301F-11D3-BF4B-00C04F79EFBC}") = "CustomerService", "src\CustomerService\CustomerService.csproj", "{5506F407-105E-4853-4E6E-F3B45C9AC6BF}"
EndProject
Project("{FAE04EC0-301F-11D3-BF4B-00C04F79EFBC}") = "IdentityService", "src\IdentityService\IdentityService.csproj", "{55FED2AE-C050-7E14-BBF8-48C7A7F1D5BC}"
EndProject
Global
	GlobalSection(SolutionConfigurationPlatforms) = preSolution
		Debug|Any CPU = Debug|Any CPU
		Release|Any CPU = Release|Any CPU
	EndGlobalSection
	GlobalSection(ProjectConfigurationPlatforms) = postSolution
		{5506F407-105E-4853-4E6E-F3B45C9AC6BF}.Debug|Any CPU.ActiveCfg = Debug|Any CPU
		{5506F407-105E-4853-4E6E-F3B45C9AC6BF}.Debug|Any CPU.Build.0 = Debug|Any CPU
		{5506F407-105E-4853-4E6E-F3B45C9AC6BF}.Release|Any CPU.ActiveCfg = Release|Any CPU
		{5506F407-105E-4853-4E6E-F3B45C9AC6BF}.Release|Any CPU.Build.0 = Release|Any CPU
		{55FED2AE-C050-7E14-BBF8-48C7A7F1D5BC}.Debug|Any CPU.ActiveCfg = Debug|Any CPU
		{55FED2AE-C050-7E14-BBF8-48C7A7F1D5BC}.Debug|Any CPU.Build.0 = Debug|Any CPU
		{55FED2AE-C050-7E14-BBF8-48C7A7F1D5BC}.Release|Any CPU.ActiveCfg = Release|Any CPU
		{55FED2AE-C050-7E14-BBF8-48C7A7F1D5BC}.Release|Any CPU.Build.0 = Release|Any CPU
	EndGlobalSection
	GlobalSection(SolutionProperties) = preSolution
		HideSolutionNode = FALSE
	EndGlobalSection
	GlobalSection(NestedProjects) = preSolution
		{5506F407-105E-4853-4E6E-F3B45C9AC6BF} = {827E0CD3-B72D-47B6-A68D-7590B98EB39B}
		{55FED2AE-C050-7E14-BBF8-48C7A7F1D5BC} = {827E0CD3-B72D-47B6-A68D-7590B98EB39B}
	EndGlobalSection
	GlobalSection(ExtensibilityGlobals) = postSolution
		SolutionGuid = {2EF031FA-08C3-4428-9438-7D8455D746A4}
	EndGlobalSection
EndGlobal
